
Microsoft Visual Studio Solution File, Format Version 12.00
# Visual Studio 14
VisualStudioVersion = 14.0.24720.0
MinimumVisualStudioVersion = 10.0.40219.1
Project("{2150E333-8FDC-42A3-9474-1A3956D46DE8}") = "src", "src", "{66BE9BDA-CBB1-4DFD-BCA2-3E0013EE0FB2}"
EndProject
Project("{2150E333-8FDC-42A3-9474-1A3956D46DE8}") = "Solution Items", "Solution Items", "{138F8540-55A7-44B4-9DEA-78E68F4DA51B}"
	ProjectSection(SolutionItems) = preProject
		global.json = global.json
	EndProjectSection
EndProject
Project("{8BB2217D-0F2D-49D1-97BC-3654ED321F3B}") = "AfterSki", "src\AfterSki\AfterSki.xproj", "{2EFBF969-98C6-403A-BFB7-53FE7B59B8B5}"
EndProject
Global
	GlobalSection(SolutionConfigurationPlatforms) = preSolution
		Debug|Any CPU = Debug|Any CPU
		Release|Any CPU = Release|Any CPU
	EndGlobalSection
	GlobalSection(ProjectConfigurationPlatforms) = postSolution
		{2EFBF969-98C6-403A-BFB7-53FE7B59B8B5}.Debug|Any CPU.ActiveCfg = Debug|Any CPU
		{2EFBF969-98C6-403A-BFB7-53FE7B59B8B5}.Debug|Any CPU.Build.0 = Debug|Any CPU
		{2EFBF969-98C6-403A-BFB7-53FE7B59B8B5}.Release|Any CPU.ActiveCfg = Release|Any CPU
		{2EFBF969-98C6-403A-BFB7-53FE7B59B8B5}.Release|Any CPU.Build.0 = Release|Any CPU
	EndGlobalSection
	GlobalSection(SolutionProperties) = preSolution
		HideSolutionNode = FALSE
	EndGlobalSection
	GlobalSection(NestedProjects) = preSolution
		{2EFBF969-98C6-403A-BFB7-53FE7B59B8B5} = {66BE9BDA-CBB1-4DFD-BCA2-3E0013EE0FB2}
	EndGlobalSection
EndGlobal
